
Microsoft Visual Studio Solution File, Format Version 12.00
# Visual Studio Version 17
VisualStudioVersion = 17.4.33122.133
MinimumVisualStudioVersion = 10.0.40219.1
Project("{FAE04EC0-301F-11D3-BF4B-00C04F79EFBC}") = "EStore", "EStore\EStore.csproj", "{5A633E2E-6127-41BD-B8D1-349ED9695C01}"
EndProject
Project("{FAE04EC0-301F-11D3-BF4B-00C04F79EFBC}") = "DataAccess", "DataAccess\DataAccess.csproj", "{51AB2CC0-DD56-42DF-AC68-204765DA7935}"
EndProject
Project("{FAE04EC0-301F-11D3-BF4B-00C04F79EFBC}") = "Models", "Models\Models.csproj", "{FE7D755D-25AA-4311-B79C-6B77FF5F9680}"
EndProject
Project("{FAE04EC0-301F-11D3-BF4B-00C04F79EFBC}") = "Utility", "Utility\Utility.csproj", "{F466FA35-5F7A-4CD4-A0B2-0BAF9B181616}"
EndProject
Global
	GlobalSection(SolutionConfigurationPlatforms) = preSolution
		Debug|Any CPU = Debug|Any CPU
		Release|Any CPU = Release|Any CPU
	EndGlobalSection
	GlobalSection(ProjectConfigurationPlatforms) = postSolution
		{5A633E2E-6127-41BD-B8D1-349ED9695C01}.Debug|Any CPU.ActiveCfg = Debug|Any CPU
		{5A633E2E-6127-41BD-B8D1-349ED9695C01}.Debug|Any CPU.Build.0 = Debug|Any CPU
		{5A633E2E-6127-41BD-B8D1-349ED9695C01}.Release|Any CPU.ActiveCfg = Release|Any CPU
		{5A633E2E-6127-41BD-B8D1-349ED9695C01}.Release|Any CPU.Build.0 = Release|Any CPU
		{51AB2CC0-DD56-42DF-AC68-204765DA7935}.Debug|Any CPU.ActiveCfg = Debug|Any CPU
		{51AB2CC0-DD56-42DF-AC68-204765DA7935}.Debug|Any CPU.Build.0 = Debug|Any CPU
		{51AB2CC0-DD56-42DF-AC68-204765DA7935}.Release|Any CPU.ActiveCfg = Release|Any CPU
		{51AB2CC0-DD56-42DF-AC68-204765DA7935}.Release|Any CPU.Build.0 = Release|Any CPU
		{FE7D755D-25AA-4311-B79C-6B77FF5F9680}.Debug|Any CPU.ActiveCfg = Debug|Any CPU
		{FE7D755D-25AA-4311-B79C-6B77FF5F9680}.Debug|Any CPU.Build.0 = Debug|Any CPU
		{FE7D755D-25AA-4311-B79C-6B77FF5F9680}.Release|Any CPU.ActiveCfg = Release|Any CPU
		{FE7D755D-25AA-4311-B79C-6B77FF5F9680}.Release|Any CPU.Build.0 = Release|Any CPU
		{F466FA35-5F7A-4CD4-A0B2-0BAF9B181616}.Debug|Any CPU.ActiveCfg = Debug|Any CPU
		{F466FA35-5F7A-4CD4-A0B2-0BAF9B181616}.Debug|Any CPU.Build.0 = Debug|Any CPU
		{F466FA35-5F7A-4CD4-A0B2-0BAF9B181616}.Release|Any CPU.ActiveCfg = Release|Any CPU
		{F466FA35-5F7A-4CD4-A0B2-0BAF9B181616}.Release|Any CPU.Build.0 = Release|Any CPU
	EndGlobalSection
	GlobalSection(SolutionProperties) = preSolution
		HideSolutionNode = FALSE
	EndGlobalSection
	GlobalSection(ExtensibilityGlobals) = postSolution
		SolutionGuid = {A04769C8-1BBA-413F-BAC6-E95B475F3B16}
	EndGlobalSection
EndGlobal
